
Microsoft Visual Studio Solution File, Format Version 12.00
# Visual Studio 15
VisualStudioVersion = 15.0.28306.52
MinimumVisualStudioVersion = 10.0.40219.1
Project("{9A19103F-16F7-4668-BE54-9A1E7A4F7556}") = "Supermarket.API", "Supermarket.API.csproj", "{844E55FE-724F-47DE-94D5-AB61261807B2}"
EndProject
Global
	GlobalSection(SolutionConfigurationPlatforms) = preSolution
		Debug|Any CPU = Debug|Any CPU
		Release|Any CPU = Release|Any CPU
	EndGlobalSection
	GlobalSection(ProjectConfigurationPlatforms) = postSolution
		{844E55FE-724F-47DE-94D5-AB61261807B2}.Debug|Any CPU.ActiveCfg = Debug|Any CPU
		{844E55FE-724F-47DE-94D5-AB61261807B2}.Debug|Any CPU.Build.0 = Debug|Any CPU
		{844E55FE-724F-47DE-94D5-AB61261807B2}.Release|Any CPU.ActiveCfg = Release|Any CPU
		{844E55FE-724F-47DE-94D5-AB61261807B2}.Release|Any CPU.Build.0 = Release|Any CPU
	EndGlobalSection
	GlobalSection(SolutionProperties) = preSolution
		HideSolutionNode = FALSE
	EndGlobalSection
	GlobalSection(ExtensibilityGlobals) = postSolution
		SolutionGuid = {863CFCE3-B747-4C45-B892-559D690914C5}
	EndGlobalSection
EndGlobal
